
Microsoft Visual Studio Solution File, Format Version 12.00
# Visual Studio Version 16
VisualStudioVersion = 16.0.30907.101
MinimumVisualStudioVersion = 10.0.40219.1
Project("{FAE04EC0-301F-11D3-BF4B-00C04F79EFBC}") = "ConsoleCodeSample", "ConsoleCodeSample\ConsoleCodeSample.csproj", "{15D2271C-DC0D-4F4F-8728-CFAC2BB81DA3}"
EndProject
Global
	GlobalSection(SolutionConfigurationPlatforms) = preSolution
		Debug|Any CPU = Debug|Any CPU
		Release|Any CPU = Release|Any CPU
	EndGlobalSection
	GlobalSection(ProjectConfigurationPlatforms) = postSolution
		{15D2271C-DC0D-4F4F-8728-CFAC2BB81DA3}.Debug|Any CPU.ActiveCfg = Debug|Any CPU
		{15D2271C-DC0D-4F4F-8728-CFAC2BB81DA3}.Debug|Any CPU.Build.0 = Debug|Any CPU
		{15D2271C-DC0D-4F4F-8728-CFAC2BB81DA3}.Release|Any CPU.ActiveCfg = Release|Any CPU
		{15D2271C-DC0D-4F4F-8728-CFAC2BB81DA3}.Release|Any CPU.Build.0 = Release|Any CPU
	EndGlobalSection
	GlobalSection(SolutionProperties) = preSolution
		HideSolutionNode = FALSE
	EndGlobalSection
	GlobalSection(ExtensibilityGlobals) = postSolution
		SolutionGuid = {F138458F-F2D3-47FD-B2C5-A4E8CF3A54F8}
	EndGlobalSection
EndGlobal
